
Microsoft Visual Studio Solution File, Format Version 12.00
# Visual Studio Version 17
VisualStudioVersion = 17.9.34616.47
MinimumVisualStudioVersion = 10.0.40219.1
Project("{9A19103F-16F7-4668-BE54-9A1E7A4F7556}") = "Host", "API\Host\Host.csproj", "{0707970B-B81C-45B0-8BEB-BFD283D9E385}"
EndProject
Project("{2150E333-8FDC-42A3-9474-1A3956D46DE8}") = "API", "API", "{0A55A9A9-33D9-4750-8C75-A4331384911D}"
EndProject
Project("{2150E333-8FDC-42A3-9474-1A3956D46DE8}") = "Core", "Core", "{75A6B942-1227-4B68-8BC0-C49DEA1E7810}"
EndProject
Project("{2150E333-8FDC-42A3-9474-1A3956D46DE8}") = "Infrastructure", "Infrastructure", "{051F2606-0516-4249-A643-61D10C32477E}"
EndProject
Project("{2150E333-8FDC-42A3-9474-1A3956D46DE8}") = "Shared", "Shared", "{A569D2F2-FA15-49D2-916A-4EF4B9281397}"
EndProject
Project("{9A19103F-16F7-4668-BE54-9A1E7A4F7556}") = "Web", "API\Web\Web.csproj", "{8F85861A-D51C-49B3-814F-6FCAFD227156}"
EndProject
Project("{9A19103F-16F7-4668-BE54-9A1E7A4F7556}") = "Application", "Core\Application\Application.csproj", "{EE746650-8946-4885-A3D4-45E56EE662A5}"
EndProject
Project("{9A19103F-16F7-4668-BE54-9A1E7A4F7556}") = "Domain", "Core\Domain\Domain.csproj", "{C8F8D305-495B-4A2D-88A4-A2661E03FC4C}"
EndProject
Project("{9A19103F-16F7-4668-BE54-9A1E7A4F7556}") = "Infrastructure", "Infrastructure\Infrastructure\Infrastructure.csproj", "{B39C8967-419A-45DC-A142-98DC9F647EC3}"
EndProject
Project("{9A19103F-16F7-4668-BE54-9A1E7A4F7556}") = "Models", "Infrastructure\Models\Models.csproj", "{36B0C1BE-9726-4573-AB9A-89B03621A91B}"
EndProject
Project("{9A19103F-16F7-4668-BE54-9A1E7A4F7556}") = "Shared", "Shared\Shared\Shared.csproj", "{2D4DD9C3-F938-4DEE-B2C1-EA68BED8FCA5}"
EndProject
Project("{9A19103F-16F7-4668-BE54-9A1E7A4F7556}") = "Persistence", "Infrastructure\Persistence\Persistence.csproj", "{F7573AB8-4B18-4086-B1B6-CE5C03E0FB0F}"
EndProject
Global
	GlobalSection(SolutionConfigurationPlatforms) = preSolution
		Debug|Any CPU = Debug|Any CPU
		Release|Any CPU = Release|Any CPU
	EndGlobalSection
	GlobalSection(ProjectConfigurationPlatforms) = postSolution
		{0707970B-B81C-45B0-8BEB-BFD283D9E385}.Debug|Any CPU.ActiveCfg = Debug|Any CPU
		{0707970B-B81C-45B0-8BEB-BFD283D9E385}.Debug|Any CPU.Build.0 = Debug|Any CPU
		{0707970B-B81C-45B0-8BEB-BFD283D9E385}.Release|Any CPU.ActiveCfg = Release|Any CPU
		{0707970B-B81C-45B0-8BEB-BFD283D9E385}.Release|Any CPU.Build.0 = Release|Any CPU
		{8F85861A-D51C-49B3-814F-6FCAFD227156}.Debug|Any CPU.ActiveCfg = Debug|Any CPU
		{8F85861A-D51C-49B3-814F-6FCAFD227156}.Debug|Any CPU.Build.0 = Debug|Any CPU
		{8F85861A-D51C-49B3-814F-6FCAFD227156}.Release|Any CPU.ActiveCfg = Release|Any CPU
		{8F85861A-D51C-49B3-814F-6FCAFD227156}.Release|Any CPU.Build.0 = Release|Any CPU
		{EE746650-8946-4885-A3D4-45E56EE662A5}.Debug|Any CPU.ActiveCfg = Debug|Any CPU
		{EE746650-8946-4885-A3D4-45E56EE662A5}.Debug|Any CPU.Build.0 = Debug|Any CPU
		{EE746650-8946-4885-A3D4-45E56EE662A5}.Release|Any CPU.ActiveCfg = Release|Any CPU
		{EE746650-8946-4885-A3D4-45E56EE662A5}.Release|Any CPU.Build.0 = Release|Any CPU
		{C8F8D305-495B-4A2D-88A4-A2661E03FC4C}.Debug|Any CPU.ActiveCfg = Debug|Any CPU
		{C8F8D305-495B-4A2D-88A4-A2661E03FC4C}.Debug|Any CPU.Build.0 = Debug|Any CPU
		{C8F8D305-495B-4A2D-88A4-A2661E03FC4C}.Release|Any CPU.ActiveCfg = Release|Any CPU
		{C8F8D305-495B-4A2D-88A4-A2661E03FC4C}.Release|Any CPU.Build.0 = Release|Any CPU
		{B39C8967-419A-45DC-A142-98DC9F647EC3}.Debug|Any CPU.ActiveCfg = Debug|Any CPU
		{B39C8967-419A-45DC-A142-98DC9F647EC3}.Debug|Any CPU.Build.0 = Debug|Any CPU
		{B39C8967-419A-45DC-A142-98DC9F647EC3}.Release|Any CPU.ActiveCfg = Release|Any CPU
		{B39C8967-419A-45DC-A142-98DC9F647EC3}.Release|Any CPU.Build.0 = Release|Any CPU
		{36B0C1BE-9726-4573-AB9A-89B03621A91B}.Debug|Any CPU.ActiveCfg = Debug|Any CPU
		{36B0C1BE-9726-4573-AB9A-89B03621A91B}.Debug|Any CPU.Build.0 = Debug|Any CPU
		{36B0C1BE-9726-4573-AB9A-89B03621A91B}.Release|Any CPU.ActiveCfg = Release|Any CPU
		{36B0C1BE-9726-4573-AB9A-89B03621A91B}.Release|Any CPU.Build.0 = Release|Any CPU
		{2D4DD9C3-F938-4DEE-B2C1-EA68BED8FCA5}.Debug|Any CPU.ActiveCfg = Debug|Any CPU
		{2D4DD9C3-F938-4DEE-B2C1-EA68BED8FCA5}.Debug|Any CPU.Build.0 = Debug|Any CPU
		{2D4DD9C3-F938-4DEE-B2C1-EA68BED8FCA5}.Release|Any CPU.ActiveCfg = Release|Any CPU
		{2D4DD9C3-F938-4DEE-B2C1-EA68BED8FCA5}.Release|Any CPU.Build.0 = Release|Any CPU
		{F7573AB8-4B18-4086-B1B6-CE5C03E0FB0F}.Debug|Any CPU.ActiveCfg = Debug|Any CPU
		{F7573AB8-4B18-4086-B1B6-CE5C03E0FB0F}.Debug|Any CPU.Build.0 = Debug|Any CPU
		{F7573AB8-4B18-4086-B1B6-CE5C03E0FB0F}.Release|Any CPU.ActiveCfg = Release|Any CPU
		{F7573AB8-4B18-4086-B1B6-CE5C03E0FB0F}.Release|Any CPU.Build.0 = Release|Any CPU
	EndGlobalSection
	GlobalSection(SolutionProperties) = preSolution
		HideSolutionNode = FALSE
	EndGlobalSection
	GlobalSection(NestedProjects) = preSolution
		{0707970B-B81C-45B0-8BEB-BFD283D9E385} = {0A55A9A9-33D9-4750-8C75-A4331384911D}
		{8F85861A-D51C-49B3-814F-6FCAFD227156} = {0A55A9A9-33D9-4750-8C75-A4331384911D}
		{EE746650-8946-4885-A3D4-45E56EE662A5} = {75A6B942-1227-4B68-8BC0-C49DEA1E7810}
		{C8F8D305-495B-4A2D-88A4-A2661E03FC4C} = {75A6B942-1227-4B68-8BC0-C49DEA1E7810}
		{B39C8967-419A-45DC-A142-98DC9F647EC3} = {051F2606-0516-4249-A643-61D10C32477E}
		{36B0C1BE-9726-4573-AB9A-89B03621A91B} = {051F2606-0516-4249-A643-61D10C32477E}
		{2D4DD9C3-F938-4DEE-B2C1-EA68BED8FCA5} = {A569D2F2-FA15-49D2-916A-4EF4B9281397}
		{F7573AB8-4B18-4086-B1B6-CE5C03E0FB0F} = {051F2606-0516-4249-A643-61D10C32477E}
	EndGlobalSection
	GlobalSection(ExtensibilityGlobals) = postSolution
		SolutionGuid = {99780D96-569E-44A4-8E5C-618D1399981A}
	EndGlobalSection
EndGlobal
